
Microsoft Visual Studio Solution File, Format Version 12.00
# Visual Studio 15
Project("{FAE04EC0-301F-11D3-BF4B-00C04F79EFBC}") = "Assembly-CSharp", "Assembly-CSharp.csproj", "{8A99BA49-1BE9-0B7C-EB96-5D9E8AE5792B}"
EndProject
Project("{FAE04EC0-301F-11D3-BF4B-00C04F79EFBC}") = "Assembly-CSharp-Editor", "Assembly-CSharp-Editor.csproj", "{214025AF-561E-4B34-828A-590A8EF91B9F}"
EndProject
Global
	GlobalSection(SolutionConfigurationPlatforms) = preSolution
		Debug|Any CPU = Debug|Any CPU
		Release|Any CPU = Release|Any CPU
	EndGlobalSection
	GlobalSection(ProjectConfigurationPlatforms) = postSolution
		{8A99BA49-1BE9-0B7C-EB96-5D9E8AE5792B}.Debug|Any CPU.ActiveCfg = Debug|Any CPU
		{8A99BA49-1BE9-0B7C-EB96-5D9E8AE5792B}.Debug|Any CPU.Build.0 = Debug|Any CPU
		{8A99BA49-1BE9-0B7C-EB96-5D9E8AE5792B}.Release|Any CPU.ActiveCfg = Release|Any CPU
		{8A99BA49-1BE9-0B7C-EB96-5D9E8AE5792B}.Release|Any CPU.Build.0 = Release|Any CPU
		{214025AF-561E-4B34-828A-590A8EF91B9F}.Debug|Any CPU.ActiveCfg = Debug|Any CPU
		{214025AF-561E-4B34-828A-590A8EF91B9F}.Debug|Any CPU.Build.0 = Debug|Any CPU
		{214025AF-561E-4B34-828A-590A8EF91B9F}.Release|Any CPU.ActiveCfg = Release|Any CPU
		{214025AF-561E-4B34-828A-590A8EF91B9F}.Release|Any CPU.Build.0 = Release|Any CPU
	EndGlobalSection
	GlobalSection(SolutionProperties) = preSolution
		HideSolutionNode = FALSE
	EndGlobalSection
EndGlobal
